
Microsoft Visual Studio Solution File, Format Version 12.00
# Visual Studio Version 16
VisualStudioVersion = 16.0.29318.209
MinimumVisualStudioVersion = 10.0.40219.1
Project("{9A19103F-16F7-4668-BE54-9A1E7A4F7556}") = "CustomerProductService", "CustomerProductService\CustomerProductService.csproj", "{80DA7AD8-0002-429E-BA48-2BCF9D8AD356}"
EndProject
Project("{9A19103F-16F7-4668-BE54-9A1E7A4F7556}") = "ProductRepository", "ProductRepository\ProductRepository.csproj", "{DE52EBB7-34ED-448D-98F9-45291443D5BC}"
EndProject
Project("{9A19103F-16F7-4668-BE54-9A1E7A4F7556}") = "ProductData", "ProductData\ProductData.csproj", "{42DF2850-6C52-4A07-8FF0-3B8644278958}"
EndProject
Project("{9A19103F-16F7-4668-BE54-9A1E7A4F7556}") = "ProductOrderFacade", "ProductFacade\ProductOrderFacade.csproj", "{B763F880-81FA-45DF-A704-1D2A08E4FA23}"
EndProject
Project("{FAE04EC0-301F-11D3-BF4B-00C04F79EFBC}") = "HttpManager", "HttpManager\HttpManager.csproj", "{BF656A35-D357-4EBA-9B54-BB7CEC7AB89F}"
EndProject
Global
	GlobalSection(SolutionConfigurationPlatforms) = preSolution
		Debug|Any CPU = Debug|Any CPU
		Release|Any CPU = Release|Any CPU
	EndGlobalSection
	GlobalSection(ProjectConfigurationPlatforms) = postSolution
		{80DA7AD8-0002-429E-BA48-2BCF9D8AD356}.Debug|Any CPU.ActiveCfg = Debug|Any CPU
		{80DA7AD8-0002-429E-BA48-2BCF9D8AD356}.Debug|Any CPU.Build.0 = Debug|Any CPU
		{80DA7AD8-0002-429E-BA48-2BCF9D8AD356}.Release|Any CPU.ActiveCfg = Release|Any CPU
		{80DA7AD8-0002-429E-BA48-2BCF9D8AD356}.Release|Any CPU.Build.0 = Release|Any CPU
		{DE52EBB7-34ED-448D-98F9-45291443D5BC}.Debug|Any CPU.ActiveCfg = Debug|Any CPU
		{DE52EBB7-34ED-448D-98F9-45291443D5BC}.Debug|Any CPU.Build.0 = Debug|Any CPU
		{DE52EBB7-34ED-448D-98F9-45291443D5BC}.Release|Any CPU.ActiveCfg = Release|Any CPU
		{DE52EBB7-34ED-448D-98F9-45291443D5BC}.Release|Any CPU.Build.0 = Release|Any CPU
		{42DF2850-6C52-4A07-8FF0-3B8644278958}.Debug|Any CPU.ActiveCfg = Debug|Any CPU
		{42DF2850-6C52-4A07-8FF0-3B8644278958}.Debug|Any CPU.Build.0 = Debug|Any CPU
		{42DF2850-6C52-4A07-8FF0-3B8644278958}.Release|Any CPU.ActiveCfg = Release|Any CPU
		{42DF2850-6C52-4A07-8FF0-3B8644278958}.Release|Any CPU.Build.0 = Release|Any CPU
		{B763F880-81FA-45DF-A704-1D2A08E4FA23}.Debug|Any CPU.ActiveCfg = Debug|Any CPU
		{B763F880-81FA-45DF-A704-1D2A08E4FA23}.Debug|Any CPU.Build.0 = Debug|Any CPU
		{B763F880-81FA-45DF-A704-1D2A08E4FA23}.Release|Any CPU.ActiveCfg = Release|Any CPU
		{B763F880-81FA-45DF-A704-1D2A08E4FA23}.Release|Any CPU.Build.0 = Release|Any CPU
		{BF656A35-D357-4EBA-9B54-BB7CEC7AB89F}.Debug|Any CPU.ActiveCfg = Debug|Any CPU
		{BF656A35-D357-4EBA-9B54-BB7CEC7AB89F}.Debug|Any CPU.Build.0 = Debug|Any CPU
		{BF656A35-D357-4EBA-9B54-BB7CEC7AB89F}.Release|Any CPU.ActiveCfg = Release|Any CPU
		{BF656A35-D357-4EBA-9B54-BB7CEC7AB89F}.Release|Any CPU.Build.0 = Release|Any CPU
	EndGlobalSection
	GlobalSection(SolutionProperties) = preSolution
		HideSolutionNode = FALSE
	EndGlobalSection
	GlobalSection(ExtensibilityGlobals) = postSolution
		SolutionGuid = {2C8473CB-4BA9-4B51-ACBE-030922EE2AE6}
	EndGlobalSection
EndGlobal
